
Microsoft Visual Studio Solution File, Format Version 12.00
# Visual Studio Version 16
VisualStudioVersion = 16.0.29209.62
MinimumVisualStudioVersion = 10.0.40219.1
Project("{9A19103F-16F7-4668-BE54-9A1E7A4F7556}") = "PetShop2019.ConsoleApp", "PetShop2019.ConsoleApp\PetShop2019.ConsoleApp.csproj", "{236B2E20-1A80-4D5D-9178-E8BD02391AF0}"
EndProject
Project("{2150E333-8FDC-42A3-9474-1A3956D46DE8}") = "Core", "Core", "{78250A33-FC69-46F7-937A-434F01623523}"
EndProject
Project("{2150E333-8FDC-42A3-9474-1A3956D46DE8}") = "Infrastructure", "Infrastructure", "{6E194899-31B2-4D0D-B909-180C38BEF9E9}"
EndProject
Project("{2150E333-8FDC-42A3-9474-1A3956D46DE8}") = "UI", "UI", "{4C391DC9-2D33-4D3C-B574-4489044A607B}"
EndProject
Project("{9A19103F-16F7-4668-BE54-9A1E7A4F7556}") = "PetShop2019.Core.Entities", "PetShop2019.Core.Entity\PetShop2019.Core.Entities.csproj", "{E83E4784-7173-453B-87DA-EB238D6A0AE6}"
EndProject
Project("{9A19103F-16F7-4668-BE54-9A1E7A4F7556}") = "PetShop2019.Core", "PetShop2019.Core\PetShop2019.Core.csproj", "{6EF02DC1-5153-41C3-8A83-F844AACC71DB}"
EndProject
Project("{9A19103F-16F7-4668-BE54-9A1E7A4F7556}") = "RestAPI", "RestAPI\RestAPI.csproj", "{F5203A29-C9DE-42C3-A688-0D33D5F26F8B}"
EndProject
Project("{9A19103F-16F7-4668-BE54-9A1E7A4F7556}") = "PetShop.Infrastructure.SQL", "PetShop.Infrastructure.SQL\PetShop.Infrastructure.SQL.csproj", "{F0EBB50D-6B5F-446F-AF51-141EDC53E2BE}"
EndProject
Global
	GlobalSection(SolutionConfigurationPlatforms) = preSolution
		Debug|Any CPU = Debug|Any CPU
		Release|Any CPU = Release|Any CPU
	EndGlobalSection
	GlobalSection(ProjectConfigurationPlatforms) = postSolution
		{236B2E20-1A80-4D5D-9178-E8BD02391AF0}.Debug|Any CPU.ActiveCfg = Debug|Any CPU
		{236B2E20-1A80-4D5D-9178-E8BD02391AF0}.Debug|Any CPU.Build.0 = Debug|Any CPU
		{236B2E20-1A80-4D5D-9178-E8BD02391AF0}.Release|Any CPU.ActiveCfg = Release|Any CPU
		{236B2E20-1A80-4D5D-9178-E8BD02391AF0}.Release|Any CPU.Build.0 = Release|Any CPU
		{E83E4784-7173-453B-87DA-EB238D6A0AE6}.Debug|Any CPU.ActiveCfg = Debug|Any CPU
		{E83E4784-7173-453B-87DA-EB238D6A0AE6}.Debug|Any CPU.Build.0 = Debug|Any CPU
		{E83E4784-7173-453B-87DA-EB238D6A0AE6}.Release|Any CPU.ActiveCfg = Release|Any CPU
		{E83E4784-7173-453B-87DA-EB238D6A0AE6}.Release|Any CPU.Build.0 = Release|Any CPU
		{6EF02DC1-5153-41C3-8A83-F844AACC71DB}.Debug|Any CPU.ActiveCfg = Debug|Any CPU
		{6EF02DC1-5153-41C3-8A83-F844AACC71DB}.Debug|Any CPU.Build.0 = Debug|Any CPU
		{6EF02DC1-5153-41C3-8A83-F844AACC71DB}.Release|Any CPU.ActiveCfg = Release|Any CPU
		{6EF02DC1-5153-41C3-8A83-F844AACC71DB}.Release|Any CPU.Build.0 = Release|Any CPU
		{F5203A29-C9DE-42C3-A688-0D33D5F26F8B}.Debug|Any CPU.ActiveCfg = Debug|Any CPU
		{F5203A29-C9DE-42C3-A688-0D33D5F26F8B}.Debug|Any CPU.Build.0 = Debug|Any CPU
		{F5203A29-C9DE-42C3-A688-0D33D5F26F8B}.Release|Any CPU.ActiveCfg = Release|Any CPU
		{F5203A29-C9DE-42C3-A688-0D33D5F26F8B}.Release|Any CPU.Build.0 = Release|Any CPU
		{F0EBB50D-6B5F-446F-AF51-141EDC53E2BE}.Debug|Any CPU.ActiveCfg = Debug|Any CPU
		{F0EBB50D-6B5F-446F-AF51-141EDC53E2BE}.Debug|Any CPU.Build.0 = Debug|Any CPU
		{F0EBB50D-6B5F-446F-AF51-141EDC53E2BE}.Release|Any CPU.ActiveCfg = Release|Any CPU
		{F0EBB50D-6B5F-446F-AF51-141EDC53E2BE}.Release|Any CPU.Build.0 = Release|Any CPU
	EndGlobalSection
	GlobalSection(SolutionProperties) = preSolution
		HideSolutionNode = FALSE
	EndGlobalSection
	GlobalSection(NestedProjects) = preSolution
		{236B2E20-1A80-4D5D-9178-E8BD02391AF0} = {4C391DC9-2D33-4D3C-B574-4489044A607B}
		{E83E4784-7173-453B-87DA-EB238D6A0AE6} = {78250A33-FC69-46F7-937A-434F01623523}
		{6EF02DC1-5153-41C3-8A83-F844AACC71DB} = {78250A33-FC69-46F7-937A-434F01623523}
		{F5203A29-C9DE-42C3-A688-0D33D5F26F8B} = {4C391DC9-2D33-4D3C-B574-4489044A607B}
		{F0EBB50D-6B5F-446F-AF51-141EDC53E2BE} = {6E194899-31B2-4D0D-B909-180C38BEF9E9}
	EndGlobalSection
	GlobalSection(ExtensibilityGlobals) = postSolution
		SolutionGuid = {67781BC6-1482-49E3-B67C-3A53E087D222}
	EndGlobalSection
EndGlobal
